// !$*UTF8*$!
{
	archiveVersion = 1;
	classes = {
	};
	objectVersion = 56;
	objects = {

/* Begin PBXBuildFile section */
		58B115D97B2ACFF34F62C4B8 /* Pods_Neobis_iOS_WeatherApp.framework in Frameworks */ = {isa = PBXBuildFile; fileRef = 10CC86914E9A7A5B590E733A /* Pods_Neobis_iOS_WeatherApp.framework */; };
		772B8B072AFCEA2900180E6D /* CountryModel.swift in Sources */ = {isa = PBXBuildFile; fileRef = 772B8B062AFCEA2900180E6D /* CountryModel.swift */; };
		772B8B092AFD00BD00180E6D /* WeekWeatherModel.swift in Sources */ = {isa = PBXBuildFile; fileRef = 772B8B082AFD00BC00180E6D /* WeekWeatherModel.swift */; };
		772B8B0C2AFD701500180E6D /* DataManager.swift in Sources */ = {isa = PBXBuildFile; fileRef = 772B8B0B2AFD701500180E6D /* DataManager.swift */; };
		77941DBD2B0B8B0E004B84E6 /* WeatherViewModel.swift in Sources */ = {isa = PBXBuildFile; fileRef = 77941DBC2B0B8B0E004B84E6 /* WeatherViewModel.swift */; };
		77C43E1C2AF37BA40089FB34 /* AppDelegate.swift in Sources */ = {isa = PBXBuildFile; fileRef = 77C43E1B2AF37BA40089FB34 /* AppDelegate.swift */; };
		77C43E1E2AF37BA40089FB34 /* SceneDelegate.swift in Sources */ = {isa = PBXBuildFile; fileRef = 77C43E1D2AF37BA40089FB34 /* SceneDelegate.swift */; };
		77C43E202AF37BA40089FB34 /* ViewController.swift in Sources */ = {isa = PBXBuildFile; fileRef = 77C43E1F2AF37BA40089FB34 /* ViewController.swift */; };
		77C43E252AF37BA50089FB34 /* Assets.xcassets in Resources */ = {isa = PBXBuildFile; fileRef = 77C43E242AF37BA50089FB34 /* Assets.xcassets */; };
		77C43E282AF37BA50089FB34 /* LaunchScreen.storyboard in Resources */ = {isa = PBXBuildFile; fileRef = 77C43E262AF37BA50089FB34 /* LaunchScreen.storyboard */; };
		77C43E312AF381D40089FB34 /* Extension+UIColor.swift in Sources */ = {isa = PBXBuildFile; fileRef = 77C43E302AF381D40089FB34 /* Extension+UIColor.swift */; };
		77C43E362AF3834B0089FB34 /* WeatherView.swift in Sources */ = {isa = PBXBuildFile; fileRef = 77C43E352AF3834B0089FB34 /* WeatherView.swift */; };
		77DF11142AFC036800223278 /* WeatherService.swift in Sources */ = {isa = PBXBuildFile; fileRef = 77DF11132AFC036800223278 /* WeatherService.swift */; };
		77E556CD2AF4EAAF00D6957A /* Montserrat-Medium.ttf in Resources */ = {isa = PBXBuildFile; fileRef = 77E556C92AF4EAAF00D6957A /* Montserrat-Medium.ttf */; };
		77E556CE2AF4EAAF00D6957A /* Montserrat-Bold.ttf in Resources */ = {isa = PBXBuildFile; fileRef = 77E556CA2AF4EAAF00D6957A /* Montserrat-Bold.ttf */; };
		77E556CF2AF4EAAF00D6957A /* Montserrat-Light.ttf in Resources */ = {isa = PBXBuildFile; fileRef = 77E556CB2AF4EAAF00D6957A /* Montserrat-Light.ttf */; };
		77E556D02AF4EAAF00D6957A /* Montserrat-Regular.ttf in Resources */ = {isa = PBXBuildFile; fileRef = 77E556CC2AF4EAAF00D6957A /* Montserrat-Regular.ttf */; };
		77F1B3E62AF8ED3F00096C37 /* WeatherCustomCollectionViewCell.swift in Sources */ = {isa = PBXBuildFile; fileRef = 77F1B3E52AF8ED3F00096C37 /* WeatherCustomCollectionViewCell.swift */; };
		77F1B3E92AF8F26000096C37 /* WeatherModel.swift in Sources */ = {isa = PBXBuildFile; fileRef = 77F1B3E82AF8F26000096C37 /* WeatherModel.swift */; };
		77F1B3EB2AF92B6D00096C37 /* WeatherCustomTableViewCell.swift in Sources */ = {isa = PBXBuildFile; fileRef = 77F1B3EA2AF92B6D00096C37 /* WeatherCustomTableViewCell.swift */; };
/* End PBXBuildFile section */

/* Begin PBXFileReference section */
		10CC86914E9A7A5B590E733A /* Pods_Neobis_iOS_WeatherApp.framework */ = {isa = PBXFileReference; explicitFileType = wrapper.framework; includeInIndex = 0; path = Pods_Neobis_iOS_WeatherApp.framework; sourceTree = BUILT_PRODUCTS_DIR; };
		772B8B062AFCEA2900180E6D /* CountryModel.swift */ = {isa = PBXFileReference; lastKnownFileType = sourcecode.swift; path = CountryModel.swift; sourceTree = "<group>"; };
		772B8B082AFD00BC00180E6D /* WeekWeatherModel.swift */ = {isa = PBXFileReference; lastKnownFileType = sourcecode.swift; path = WeekWeatherModel.swift; sourceTree = "<group>"; };
		772B8B0B2AFD701500180E6D /* DataManager.swift */ = {isa = PBXFileReference; lastKnownFileType = sourcecode.swift; path = DataManager.swift; sourceTree = "<group>"; };
		77941DBC2B0B8B0E004B84E6 /* WeatherViewModel.swift */ = {isa = PBXFileReference; lastKnownFileType = sourcecode.swift; path = WeatherViewModel.swift; sourceTree = "<group>"; };
		77C43E182AF37BA40089FB34 /* Neobis_iOS_WeatherApp.app */ = {isa = PBXFileReference; explicitFileType = wrapper.application; includeInIndex = 0; path = Neobis_iOS_WeatherApp.app; sourceTree = BUILT_PRODUCTS_DIR; };
		77C43E1B2AF37BA40089FB34 /* AppDelegate.swift */ = {isa = PBXFileReference; lastKnownFileType = sourcecode.swift; path = AppDelegate.swift; sourceTree = "<group>"; };
		77C43E1D2AF37BA40089FB34 /* SceneDelegate.swift */ = {isa = PBXFileReference; lastKnownFileType = sourcecode.swift; path = SceneDelegate.swift; sourceTree = "<group>"; };
		77C43E1F2AF37BA40089FB34 /* ViewController.swift */ = {isa = PBXFileReference; lastKnownFileType = sourcecode.swift; path = ViewController.swift; sourceTree = "<group>"; };
		77C43E242AF37BA50089FB34 /* Assets.xcassets */ = {isa = PBXFileReference; lastKnownFileType = folder.assetcatalog; path = Assets.xcassets; sourceTree = "<group>"; };
		77C43E272AF37BA50089FB34 /* Base */ = {isa = PBXFileReference; lastKnownFileType = file.storyboard; name = Base; path = Base.lproj/LaunchScreen.storyboard; sourceTree = "<group>"; };
		77C43E292AF37BA50089FB34 /* Info.plist */ = {isa = PBXFileReference; lastKnownFileType = text.plist.xml; path = Info.plist; sourceTree = "<group>"; };
		77C43E302AF381D40089FB34 /* Extension+UIColor.swift */ = {isa = PBXFileReference; lastKnownFileType = sourcecode.swift; path = "Extension+UIColor.swift"; sourceTree = "<group>"; };
		77C43E352AF3834B0089FB34 /* WeatherView.swift */ = {isa = PBXFileReference; lastKnownFileType = sourcecode.swift; path = WeatherView.swift; sourceTree = "<group>"; };
		77DF11132AFC036800223278 /* WeatherService.swift */ = {isa = PBXFileReference; lastKnownFileType = sourcecode.swift; path = WeatherService.swift; sourceTree = "<group>"; };
		77E556C92AF4EAAF00D6957A /* Montserrat-Medium.ttf */ = {isa = PBXFileReference; lastKnownFileType = file; path = "Montserrat-Medium.ttf"; sourceTree = "<group>"; };
		77E556CA2AF4EAAF00D6957A /* Montserrat-Bold.ttf */ = {isa = PBXFileReference; lastKnownFileType = file; path = "Montserrat-Bold.ttf"; sourceTree = "<group>"; };
		77E556CB2AF4EAAF00D6957A /* Montserrat-Light.ttf */ = {isa = PBXFileReference; lastKnownFileType = file; path = "Montserrat-Light.ttf"; sourceTree = "<group>"; };
		77E556CC2AF4EAAF00D6957A /* Montserrat-Regular.ttf */ = {isa = PBXFileReference; lastKnownFileType = file; path = "Montserrat-Regular.ttf"; sourceTree = "<group>"; };
		77F1B3E52AF8ED3F00096C37 /* WeatherCustomCollectionViewCell.swift */ = {isa = PBXFileReference; lastKnownFileType = sourcecode.swift; path = WeatherCustomCollectionViewCell.swift; sourceTree = "<group>"; };
		77F1B3E82AF8F26000096C37 /* WeatherModel.swift */ = {isa = PBXFileReference; lastKnownFileType = sourcecode.swift; path = WeatherModel.swift; sourceTree = "<group>"; };
		77F1B3EA2AF92B6D00096C37 /* WeatherCustomTableViewCell.swift */ = {isa = PBXFileReference; lastKnownFileType = sourcecode.swift; path = WeatherCustomTableViewCell.swift; sourceTree = "<group>"; };
		DC9A142FF4B957B6E1A2710A /* Pods-Neobis_iOS_WeatherApp.debug.xcconfig */ = {isa = PBXFileReference; includeInIndex = 1; lastKnownFileType = text.xcconfig; name = "Pods-Neobis_iOS_WeatherApp.debug.xcconfig"; path = "Target Support Files/Pods-Neobis_iOS_WeatherApp/Pods-Neobis_iOS_WeatherApp.debug.xcconfig"; sourceTree = "<group>"; };
		E9672BF40A16C1FAF0DA00B9 /* Pods-Neobis_iOS_WeatherApp.release.xcconfig */ = {isa = PBXFileReference; includeInIndex = 1; lastKnownFileType = text.xcconfig; name = "Pods-Neobis_iOS_WeatherApp.release.xcconfig"; path = "Target Support Files/Pods-Neobis_iOS_WeatherApp/Pods-Neobis_iOS_WeatherApp.release.xcconfig"; sourceTree = "<group>"; };
/* End PBXFileReference section */

/* Begin PBXFrameworksBuildPhase section */
		77C43E152AF37BA40089FB34 /* Frameworks */ = {
			isa = PBXFrameworksBuildPhase;
			buildActionMask = 2147483647;
			files = (
				58B115D97B2ACFF34F62C4B8 /* Pods_Neobis_iOS_WeatherApp.framework in Frameworks */,
			);
			runOnlyForDeploymentPostprocessing = 0;
		};
/* End PBXFrameworksBuildPhase section */

/* Begin PBXGroup section */
		188DE2A1DBF1F148E1D16FCC /* Pods */ = {
			isa = PBXGroup;
			children = (
				DC9A142FF4B957B6E1A2710A /* Pods-Neobis_iOS_WeatherApp.debug.xcconfig */,
				E9672BF40A16C1FAF0DA00B9 /* Pods-Neobis_iOS_WeatherApp.release.xcconfig */,
			);
			path = Pods;
			sourceTree = "<group>";
		};
		6737B3DDAD9E8564AD59719F /* Frameworks */ = {
			isa = PBXGroup;
			children = (
				10CC86914E9A7A5B590E733A /* Pods_Neobis_iOS_WeatherApp.framework */,
			);
			name = Frameworks;
			sourceTree = "<group>";
		};
		772B8B0A2AFD700800180E6D /* Manager */ = {
			isa = PBXGroup;
			children = (
				772B8B0B2AFD701500180E6D /* DataManager.swift */,
			);
			path = Manager;
			sourceTree = "<group>";
		};
		77941DBA2B0B8AF3004B84E6 /* VIewModel */ = {
			isa = PBXGroup;
			children = (
				77941DBC2B0B8B0E004B84E6 /* WeatherViewModel.swift */,
			);
			path = VIewModel;
			sourceTree = "<group>";
		};
		77C43E0F2AF37BA40089FB34 = {
			isa = PBXGroup;
			children = (
				77C43E1A2AF37BA40089FB34 /* Neobis_iOS_WeatherApp */,
				77C43E192AF37BA40089FB34 /* Products */,
				188DE2A1DBF1F148E1D16FCC /* Pods */,
				6737B3DDAD9E8564AD59719F /* Frameworks */,
			);
			sourceTree = "<group>";
		};
		77C43E192AF37BA40089FB34 /* Products */ = {
			isa = PBXGroup;
			children = (
				77C43E182AF37BA40089FB34 /* Neobis_iOS_WeatherApp.app */,
			);
			name = Products;
			sourceTree = "<group>";
		};
		77C43E1A2AF37BA40089FB34 /* Neobis_iOS_WeatherApp */ = {
			isa = PBXGroup;
			children = (
				772B8B0A2AFD700800180E6D /* Manager */,
				77E556C82AF4EA8600D6957A /* Fonts */,
				77F1B3E72AF8F24800096C37 /* Model */,
				77C43E342AF382200089FB34 /* View */,
				77C43E332AF382050089FB34 /* ViewController */,
				77941DBA2B0B8AF3004B84E6 /* VIewModel */,
				77DF11122AFC032700223278 /* Services */,
				77C43E2F2AF381BC0089FB34 /* Extention */,
				77C43E322AF381E00089FB34 /* Supporting */,
				77C43E242AF37BA50089FB34 /* Assets.xcassets */,
				77C43E262AF37BA50089FB34 /* LaunchScreen.storyboard */,
				77C43E292AF37BA50089FB34 /* Info.plist */,
			);
			path = Neobis_iOS_WeatherApp;
			sourceTree = "<group>";
		};
		77C43E2F2AF381BC0089FB34 /* Extention */ = {
			isa = PBXGroup;
			children = (
				77C43E302AF381D40089FB34 /* Extension+UIColor.swift */,
			);
			path = Extention;
			sourceTree = "<group>";
		};
		77C43E322AF381E00089FB34 /* Supporting */ = {
			isa = PBXGroup;
			children = (
				77C43E1B2AF37BA40089FB34 /* AppDelegate.swift */,
				77C43E1D2AF37BA40089FB34 /* SceneDelegate.swift */,
			);
			path = Supporting;
			sourceTree = "<group>";
		};
		77C43E332AF382050089FB34 /* ViewController */ = {
			isa = PBXGroup;
			children = (
				77C43E1F2AF37BA40089FB34 /* ViewController.swift */,
			);
			path = ViewController;
			sourceTree = "<group>";
		};
		77C43E342AF382200089FB34 /* View */ = {
			isa = PBXGroup;
			children = (
				77DF11112AFBF18300223278 /* CustomCells */,
				77C43E352AF3834B0089FB34 /* WeatherView.swift */,
			);
			path = View;
			sourceTree = "<group>";
		};
		77DF11112AFBF18300223278 /* CustomCells */ = {
			isa = PBXGroup;
			children = (
				77F1B3E52AF8ED3F00096C37 /* WeatherCustomCollectionViewCell.swift */,
				77F1B3EA2AF92B6D00096C37 /* WeatherCustomTableViewCell.swift */,
			);
			path = CustomCells;
			sourceTree = "<group>";
		};
		77DF11122AFC032700223278 /* Services */ = {
			isa = PBXGroup;
			children = (
				77DF11132AFC036800223278 /* WeatherService.swift */,
			);
			path = Services;
			sourceTree = "<group>";
		};
		77E556C82AF4EA8600D6957A /* Fonts */ = {
			isa = PBXGroup;
			children = (
				77E556CA2AF4EAAF00D6957A /* Montserrat-Bold.ttf */,
				77E556CB2AF4EAAF00D6957A /* Montserrat-Light.ttf */,
				77E556C92AF4EAAF00D6957A /* Montserrat-Medium.ttf */,
				77E556CC2AF4EAAF00D6957A /* Montserrat-Regular.ttf */,
			);
			path = Fonts;
			sourceTree = "<group>";
		};
		77F1B3E72AF8F24800096C37 /* Model */ = {
			isa = PBXGroup;
			children = (
				77F1B3E82AF8F26000096C37 /* WeatherModel.swift */,
				772B8B062AFCEA2900180E6D /* CountryModel.swift */,
				772B8B082AFD00BC00180E6D /* WeekWeatherModel.swift */,
			);
			path = Model;
			sourceTree = "<group>";
		};
/* End PBXGroup section */

/* Begin PBXNativeTarget section */
		77C43E172AF37BA40089FB34 /* Neobis_iOS_WeatherApp */ = {
			isa = PBXNativeTarget;
			buildConfigurationList = 77C43E2C2AF37BA50089FB34 /* Build configuration list for PBXNativeTarget "Neobis_iOS_WeatherApp" */;
			buildPhases = (
				E710316C98BA85A4445A8FB2 /* [CP] Check Pods Manifest.lock */,
				77C43E142AF37BA40089FB34 /* Sources */,
				77C43E152AF37BA40089FB34 /* Frameworks */,
				77C43E162AF37BA40089FB34 /* Resources */,
				B61C58A1EC1A617059395BF0 /* [CP] Embed Pods Frameworks */,
			);
			buildRules = (
			);
			dependencies = (
			);
			name = Neobis_iOS_WeatherApp;
			productName = Neobis_iOS_WeatherApp;
			productReference = 77C43E182AF37BA40089FB34 /* Neobis_iOS_WeatherApp.app */;
			productType = "com.apple.product-type.application";
		};
/* End PBXNativeTarget section */

/* Begin PBXProject section */
		77C43E102AF37BA40089FB34 /* Project object */ = {
			isa = PBXProject;
			attributes = {
				BuildIndependentTargetsInParallel = 1;
				LastSwiftUpdateCheck = 1500;
				LastUpgradeCheck = 1500;
				TargetAttributes = {
					77C43E172AF37BA40089FB34 = {
						CreatedOnToolsVersion = 15.0;
					};
				};
			};
			buildConfigurationList = 77C43E132AF37BA40089FB34 /* Build configuration list for PBXProject "Neobis_iOS_WeatherApp" */;
			compatibilityVersion = "Xcode 14.0";
			developmentRegion = en;
			hasScannedForEncodings = 0;
			knownRegions = (
				en,
				Base,
			);
			mainGroup = 77C43E0F2AF37BA40089FB34;
			productRefGroup = 77C43E192AF37BA40089FB34 /* Products */;
			projectDirPath = "";
			projectRoot = "";
			targets = (
				77C43E172AF37BA40089FB34 /* Neobis_iOS_WeatherApp */,
			);
		};
/* End PBXProject section */

/* Begin PBXResourcesBuildPhase section */
		77C43E162AF37BA40089FB34 /* Resources */ = {
			isa = PBXResourcesBuildPhase;
			buildActionMask = 2147483647;
			files = (
				77E556D02AF4EAAF00D6957A /* Montserrat-Regular.ttf in Resources */,
				77E556CF2AF4EAAF00D6957A /* Montserrat-Light.ttf in Resources */,
				77E556CE2AF4EAAF00D6957A /* Montserrat-Bold.ttf in Resources */,
				77C43E282AF37BA50089FB34 /* LaunchScreen.storyboard in Resources */,
				77E556CD2AF4EAAF00D6957A /* Montserrat-Medium.ttf in Resources */,
				77C43E252AF37BA50089FB34 /* Assets.xcassets in Resources */,
			);
			runOnlyForDeploymentPostprocessing = 0;
		};
/* End PBXResourcesBuildPhase section */

/* Begin PBXShellScriptBuildPhase section */
		B61C58A1EC1A617059395BF0 /* [CP] Embed Pods Frameworks */ = {
			isa = PBXShellScriptBuildPhase;
			buildActionMask = 2147483647;
			files = (
			);
			inputFileListPaths = (
				"${PODS_ROOT}/Target Support Files/Pods-Neobis_iOS_WeatherApp/Pods-Neobis_iOS_WeatherApp-frameworks-${CONFIGURATION}-input-files.xcfilelist",
			);
			name = "[CP] Embed Pods Frameworks";
			outputFileListPaths = (
				"${PODS_ROOT}/Target Support Files/Pods-Neobis_iOS_WeatherApp/Pods-Neobis_iOS_WeatherApp-frameworks-${CONFIGURATION}-output-files.xcfilelist",
			);
			runOnlyForDeploymentPostprocessing = 0;
			shellPath = /bin/sh;
			shellScript = "\"${PODS_ROOT}/Target Support Files/Pods-Neobis_iOS_WeatherApp/Pods-Neobis_iOS_WeatherApp-frameworks.sh\"\n";
			showEnvVarsInLog = 0;
		};
		E710316C98BA85A4445A8FB2 /* [CP] Check Pods Manifest.lock */ = {
			isa = PBXShellScriptBuildPhase;
			buildActionMask = 2147483647;
			files = (
			);
			inputFileListPaths = (
			);
			inputPaths = (
				"${PODS_PODFILE_DIR_PATH}/Podfile.lock",
				"${PODS_ROOT}/Manifest.lock",
			);
			name = "[CP] Check Pods Manifest.lock";
			outputFileListPaths = (
			);
			outputPaths = (
				"$(DERIVED_FILE_DIR)/Pods-Neobis_iOS_WeatherApp-checkManifestLockResult.txt",
			);
			runOnlyForDeploymentPostprocessing = 0;
			shellPath = /bin/sh;
			shellScript = "diff \"${PODS_PODFILE_DIR_PATH}/Podfile.lock\" \"${PODS_ROOT}/Manifest.lock\" > /dev/null\nif [ $? != 0 ] ; then\n    # print error to STDERR\n    echo \"error: The sandbox is not in sync with the Podfile.lock. Run 'pod install' or update your CocoaPods installation.\" >&2\n    exit 1\nfi\n# This output is used by Xcode 'outputs' to avoid re-running this script phase.\necho \"SUCCESS\" > \"${SCRIPT_OUTPUT_FILE_0}\"\n";
			showEnvVarsInLog = 0;
		};
/* End PBXShellScriptBuildPhase section */

/* Begin PBXSourcesBuildPhase section */
		77C43E142AF37BA40089FB34 /* Sources */ = {
			isa = PBXSourcesBuildPhase;
			buildActionMask = 2147483647;
			files = (
				77C43E362AF3834B0089FB34 /* WeatherView.swift in Sources */,
				77941DBD2B0B8B0E004B84E6 /* WeatherViewModel.swift in Sources */,
				772B8B0C2AFD701500180E6D /* DataManager.swift in Sources */,
				77DF11142AFC036800223278 /* WeatherService.swift in Sources */,
				77C43E202AF37BA40089FB34 /* ViewController.swift in Sources */,
				77F1B3EB2AF92B6D00096C37 /* WeatherCustomTableViewCell.swift in Sources */,
				772B8B092AFD00BD00180E6D /* WeekWeatherModel.swift in Sources */,
				772B8B072AFCEA2900180E6D /* CountryModel.swift in Sources */,
				77F1B3E62AF8ED3F00096C37 /* WeatherCustomCollectionViewCell.swift in Sources */,
				77F1B3E92AF8F26000096C37 /* WeatherModel.swift in Sources */,
				77C43E1C2AF37BA40089FB34 /* AppDelegate.swift in Sources */,
				77C43E1E2AF37BA40089FB34 /* SceneDelegate.swift in Sources */,
				77C43E312AF381D40089FB34 /* Extension+UIColor.swift in Sources */,
			);
			runOnlyForDeploymentPostprocessing = 0;
		};
/* End PBXSourcesBuildPhase section */

/* Begin PBXVariantGroup section */
		77C43E262AF37BA50089FB34 /* LaunchScreen.storyboard */ = {
			isa = PBXVariantGroup;
			children = (
				77C43E272AF37BA50089FB34 /* Base */,
			);
			name = LaunchScreen.storyboard;
			sourceTree = "<group>";
		};
/* End PBXVariantGroup section */

/* Begin XCBuildConfiguration section */
		77C43E2A2AF37BA50089FB34 /* Debug */ = {
			isa = XCBuildConfiguration;
			buildSettings = {
				ALWAYS_SEARCH_USER_PATHS = NO;
				ASSETCATALOG_COMPILER_GENERATE_SWIFT_ASSET_SYMBOL_EXTENSIONS = YES;
				CLANG_ANALYZER_NONNULL = YES;
				CLANG_ANALYZER_NUMBER_OBJECT_CONVERSION = YES_AGGRESSIVE;
				CLANG_CXX_LANGUAGE_STANDARD = "gnu++20";
				CLANG_ENABLE_MODULES = YES;
				CLANG_ENABLE_OBJC_ARC = YES;
				CLANG_ENABLE_OBJC_WEAK = YES;
				CLANG_WARN_BLOCK_CAPTURE_AUTORELEASING = YES;
				CLANG_WARN_BOOL_CONVERSION = YES;
				CLANG_WARN_COMMA = YES;
				CLANG_WARN_CONSTANT_CONVERSION = YES;
				CLANG_WARN_DEPRECATED_OBJC_IMPLEMENTATIONS = YES;
				CLANG_WARN_DIRECT_OBJC_ISA_USAGE = YES_ERROR;
				CLANG_WARN_DOCUMENTATION_COMMENTS = YES;
				CLANG_WARN_EMPTY_BODY = YES;
				CLANG_WARN_ENUM_CONVERSION = YES;
				CLANG_WARN_INFINITE_RECURSION = YES;
				CLANG_WARN_INT_CONVERSION = YES;
				CLANG_WARN_NON_LITERAL_NULL_CONVERSION = YES;
				CLANG_WARN_OBJC_IMPLICIT_RETAIN_SELF = YES;
				CLANG_WARN_OBJC_LITERAL_CONVERSION = YES;
				CLANG_WARN_OBJC_ROOT_CLASS = YES_ERROR;
				CLANG_WARN_QUOTED_INCLUDE_IN_FRAMEWORK_HEADER = YES;
				CLANG_WARN_RANGE_LOOP_ANALYSIS = YES;
				CLANG_WARN_STRICT_PROTOTYPES = YES;
				CLANG_WARN_SUSPICIOUS_MOVE = YES;
				CLANG_WARN_UNGUARDED_AVAILABILITY = YES_AGGRESSIVE;
				CLANG_WARN_UNREACHABLE_CODE = YES;
				CLANG_WARN__DUPLICATE_METHOD_MATCH = YES;
				COPY_PHASE_STRIP = NO;
				DEBUG_INFORMATION_FORMAT = dwarf;
				ENABLE_STRICT_OBJC_MSGSEND = YES;
				ENABLE_TESTABILITY = YES;
				ENABLE_USER_SCRIPT_SANDBOXING = YES;
				GCC_C_LANGUAGE_STANDARD = gnu17;
				GCC_DYNAMIC_NO_PIC = NO;
				GCC_NO_COMMON_BLOCKS = YES;
				GCC_OPTIMIZATION_LEVEL = 0;
				GCC_PREPROCESSOR_DEFINITIONS = (
					"DEBUG=1",
					"$(inherited)",
				);
				GCC_WARN_64_TO_32_BIT_CONVERSION = YES;
				GCC_WARN_ABOUT_RETURN_TYPE = YES_ERROR;
				GCC_WARN_UNDECLARED_SELECTOR = YES;
				GCC_WARN_UNINITIALIZED_AUTOS = YES_AGGRESSIVE;
				GCC_WARN_UNUSED_FUNCTION = YES;
				GCC_WARN_UNUSED_VARIABLE = YES;
				IPHONEOS_DEPLOYMENT_TARGET = 17.0;
				LOCALIZATION_PREFERS_STRING_CATALOGS = YES;
				MTL_ENABLE_DEBUG_INFO = INCLUDE_SOURCE;
				MTL_FAST_MATH = YES;
				ONLY_ACTIVE_ARCH = YES;
				SDKROOT = iphoneos;
				SWIFT_ACTIVE_COMPILATION_CONDITIONS = "DEBUG $(inherited)";
				SWIFT_OPTIMIZATION_LEVEL = "-Onone";
			};
			name = Debug;
		};
		77C43E2B2AF37BA50089FB34 /* Release */ = {
			isa = XCBuildConfiguration;
			buildSettings = {
				ALWAYS_SEARCH_USER_PATHS = NO;
				ASSETCATALOG_COMPILER_GENERATE_SWIFT_ASSET_SYMBOL_EXTENSIONS = YES;
				CLANG_ANALYZER_NONNULL = YES;
				CLANG_ANALYZER_NUMBER_OBJECT_CONVERSION = YES_AGGRESSIVE;
				CLANG_CXX_LANGUAGE_STANDARD = "gnu++20";
				CLANG_ENABLE_MODULES = YES;
				CLANG_ENABLE_OBJC_ARC = YES;
				CLANG_ENABLE_OBJC_WEAK = YES;
				CLANG_WARN_BLOCK_CAPTURE_AUTORELEASING = YES;
				CLANG_WARN_BOOL_CONVERSION = YES;
				CLANG_WARN_COMMA = YES;
				CLANG_WARN_CONSTANT_CONVERSION = YES;
				CLANG_WARN_DEPRECATED_OBJC_IMPLEMENTATIONS = YES;
				CLANG_WARN_DIRECT_OBJC_ISA_USAGE = YES_ERROR;
				CLANG_WARN_DOCUMENTATION_COMMENTS = YES;
				CLANG_WARN_EMPTY_BODY = YES;
				CLANG_WARN_ENUM_CONVERSION = YES;
				CLANG_WARN_INFINITE_RECURSION = YES;
				CLANG_WARN_INT_CONVERSION = YES;
				CLANG_WARN_NON_LITERAL_NULL_CONVERSION = YES;
				CLANG_WARN_OBJC_IMPLICIT_RETAIN_SELF = YES;
				CLANG_WARN_OBJC_LITERAL_CONVERSION = YES;
				CLANG_WARN_OBJC_ROOT_CLASS = YES_ERROR;
				CLANG_WARN_QUOTED_INCLUDE_IN_FRAMEWORK_HEADER = YES;
				CLANG_WARN_RANGE_LOOP_ANALYSIS = YES;
				CLANG_WARN_STRICT_PROTOTYPES = YES;
				CLANG_WARN_SUSPICIOUS_MOVE = YES;
				CLANG_WARN_UNGUARDED_AVAILABILITY = YES_AGGRESSIVE;
				CLANG_WARN_UNREACHABLE_CODE = YES;
				CLANG_WARN__DUPLICATE_METHOD_MATCH = YES;
				COPY_PHASE_STRIP = NO;
				DEBUG_INFORMATION_FORMAT = "dwarf-with-dsym";
				ENABLE_NS_ASSERTIONS = NO;
				ENABLE_STRICT_OBJC_MSGSEND = YES;
				ENABLE_USER_SCRIPT_SANDBOXING = YES;
				GCC_C_LANGUAGE_STANDARD = gnu17;
				GCC_NO_COMMON_BLOCKS = YES;
				GCC_WARN_64_TO_32_BIT_CONVERSION = YES;
				GCC_WARN_ABOUT_RETURN_TYPE = YES_ERROR;
				GCC_WARN_UNDECLARED_SELECTOR = YES;
				GCC_WARN_UNINITIALIZED_AUTOS = YES_AGGRESSIVE;
				GCC_WARN_UNUSED_FUNCTION = YES;
				GCC_WARN_UNUSED_VARIABLE = YES;
				IPHONEOS_DEPLOYMENT_TARGET = 17.0;
				LOCALIZATION_PREFERS_STRING_CATALOGS = YES;
				MTL_ENABLE_DEBUG_INFO = NO;
				MTL_FAST_MATH = YES;
				SDKROOT = iphoneos;
				SWIFT_COMPILATION_MODE = wholemodule;
				VALIDATE_PRODUCT = YES;
			};
			name = Release;
		};
		77C43E2D2AF37BA50089FB34 /* Debug */ = {
			isa = XCBuildConfiguration;
			baseConfigurationReference = DC9A142FF4B957B6E1A2710A /* Pods-Neobis_iOS_WeatherApp.debug.xcconfig */;
			buildSettings = {
				ASSETCATALOG_COMPILER_APPICON_NAME = AppIcon;
				ASSETCATALOG_COMPILER_GLOBAL_ACCENT_COLOR_NAME = AccentColor;
				CODE_SIGN_STYLE = Automatic;
				CURRENT_PROJECT_VERSION = 1;
				DEVELOPMENT_TEAM = RPXJGA4ZYB;
				ENABLE_USER_SCRIPT_SANDBOXING = NO;
				GENERATE_INFOPLIST_FILE = YES;
				INFOPLIST_FILE = Neobis_iOS_WeatherApp/Info.plist;
				INFOPLIST_KEY_UIApplicationSupportsIndirectInputEvents = YES;
				INFOPLIST_KEY_UILaunchStoryboardName = LaunchScreen;
				INFOPLIST_KEY_UISupportedInterfaceOrientations_iPad = "UIInterfaceOrientationPortrait UIInterfaceOrientationPortraitUpsideDown UIInterfaceOrientationLandscapeLeft UIInterfaceOrientationLandscapeRight";
				INFOPLIST_KEY_UISupportedInterfaceOrientations_iPhone = "UIInterfaceOrientationPortrait UIInterfaceOrientationLandscapeLeft UIInterfaceOrientationLandscapeRight";
				IPHONEOS_DEPLOYMENT_TARGET = 15.0;
				LD_RUNPATH_SEARCH_PATHS = (
					"$(inherited)",
					"@executable_path/Frameworks",
				);
				MARKETING_VERSION = 1.0;
				PRODUCT_BUNDLE_IDENTIFIER = "com.alikhan.Neobis-iOS-WeatherApp";
				PRODUCT_NAME = "$(TARGET_NAME)";
				SWIFT_EMIT_LOC_STRINGS = YES;
				SWIFT_VERSION = 5.0;
				TARGETED_DEVICE_FAMILY = "1,2";
			};
			name = Debug;
		};
		77C43E2E2AF37BA50089FB34 /* Release */ = {
			isa = XCBuildConfiguration;
			baseConfigurationReference = E9672BF40A16C1FAF0DA00B9 /* Pods-Neobis_iOS_WeatherApp.release.xcconfig */;
			buildSettings = {
				ASSETCATALOG_COMPILER_APPICON_NAME = AppIcon;
				ASSETCATALOG_COMPILER_GLOBAL_ACCENT_COLOR_NAME = AccentColor;
				CODE_SIGN_STYLE = Automatic;
				CURRENT_PROJECT_VERSION = 1;
				DEVELOPMENT_TEAM = RPXJGA4ZYB;
				ENABLE_USER_SCRIPT_SANDBOXING = NO;
				GENERATE_INFOPLIST_FILE = YES;
				INFOPLIST_FILE = Neobis_iOS_WeatherApp/Info.plist;
				INFOPLIST_KEY_UIApplicationSupportsIndirectInputEvents = YES;
				INFOPLIST_KEY_UILaunchStoryboardName = LaunchScreen;
				INFOPLIST_KEY_UISupportedInterfaceOrientations_iPad = "UIInterfaceOrientationPortrait UIInterfaceOrientationPortraitUpsideDown UIInterfaceOrientationLandscapeLeft UIInterfaceOrientationLandscapeRight";
				INFOPLIST_KEY_UISupportedInterfaceOrientations_iPhone = "UIInterfaceOrientationPortrait UIInterfaceOrientationLandscapeLeft UIInterfaceOrientationLandscapeRight";
				IPHONEOS_DEPLOYMENT_TARGET = 15.0;
				LD_RUNPATH_SEARCH_PATHS = (
					"$(inherited)",
					"@executable_path/Frameworks",
				);
				MARKETING_VERSION = 1.0;
				PRODUCT_BUNDLE_IDENTIFIER = "com.alikhan.Neobis-iOS-WeatherApp";
				PRODUCT_NAME = "$(TARGET_NAME)";
				SWIFT_EMIT_LOC_STRINGS = YES;
				SWIFT_VERSION = 5.0;
				TARGETED_DEVICE_FAMILY = "1,2";
			};
			name = Release;
		};
/* End XCBuildConfiguration section */

/* Begin XCConfigurationList section */
		77C43E132AF37BA40089FB34 /* Build configuration list for PBXProject "Neobis_iOS_WeatherApp" */ = {
			isa = XCConfigurationList;
			buildConfigurations = (
				77C43E2A2AF37BA50089FB34 /* Debug */,
				77C43E2B2AF37BA50089FB34 /* Release */,
			);
			defaultConfigurationIsVisible = 0;
			defaultConfigurationName = Release;
		};
		77C43E2C2AF37BA50089FB34 /* Build configuration list for PBXNativeTarget "Neobis_iOS_WeatherApp" */ = {
			isa = XCConfigurationList;
			buildConfigurations = (
				77C43E2D2AF37BA50089FB34 /* Debug */,
				77C43E2E2AF37BA50089FB34 /* Release */,
			);
			defaultConfigurationIsVisible = 0;
			defaultConfigurationName = Release;
		};
/* End XCConfigurationList section */
	};
	rootObject = 77C43E102AF37BA40089FB34 /* Project object */;
}
